Microsoft Visual Studio Solution File, Format Version 12.00
# Visual Studio Version 17
VisualStudioVersion = 17.0.31903.59
MinimumVisualStudioVersion = 10.0.40219.1
Project("{FAE04EC0-301F-11D3-BF4B-00C04F79EFBC}") = "CadHarness.Ir", "src\CadHarness.Ir\CadHarness.Ir.csproj", "{5F743242-586D-4B66-9F90-8C8A67E49701}"
EndProject
Project("{FAE04EC0-301F-11D3-BF4B-00C04F79EFBC}") = "CadHarness.SolidWorks", "src\CadHarness.SolidWorks\CadHarness.SolidWorks.csproj", "{5F743242-586D-4B66-9F90-8C8A67E49702}"
EndProject
Project("{FAE04EC0-301F-11D3-BF4B-00C04F79EFBC}") = "CadHarness.Ir.Tests", "tests\CadHarness.Ir.Tests\CadHarness.Ir.Tests.csproj", "{5F743242-586D-4B66-9F90-8C8A67E49703}"
EndProject
Project("{FAE04EC0-301F-11D3-BF4B-00C04F79EFBC}") = "CadHarness.SolidWorks.Tests", "tests\CadHarness.SolidWorks.Tests\CadHarness.SolidWorks.Tests.csproj", "{5F743242-586D-4B66-9F90-8C8A67E49704}"
EndProject
Project("{FAE04EC0-301F-11D3-BF4B-00C04F79EFBC}") = "CadHarness.Bootstrap.Tests", "tests\CadHarness.Bootstrap.Tests\CadHarness.Bootstrap.Tests.csproj", "{5F743242-586D-4B66-9F90-8C8A67E49705}"
EndProject
Project("{FAE04EC0-301F-11D3-BF4B-00C04F79EFBC}") = "CadHarness.State", "src\CadHarness.State\CadHarness.State.csproj", "{5F743242-586D-4B66-9F90-8C8A67E49706}"
EndProject
Project("{FAE04EC0-301F-11D3-BF4B-00C04F79EFBC}") = "CadHarness.State.Tests", "tests\CadHarness.State.Tests\CadHarness.State.Tests.csproj", "{5F743242-586D-4B66-9F90-8C8A67E49707}"
EndProject
Project("{2150E333-8FDC-42A3-9474-1A3956D46DE8}") = "tests", "tests", "{45DB5A0D-6551-4BBB-8D33-577931F4C629}"
EndProject
Project("{FAE04EC0-301F-11D3-BF4B-00C04F79EFBC}") = "CadHarness.Features.Tests", "tests\CadHarness.Features.Tests\CadHarness.Features.Tests.csproj", "{C104C31F-96AC-4737-989B-874D0C566C8B}"
EndProject
Project("{FAE04EC0-301F-11D3-BF4B-00C04F79EFBC}") = "CadHarness.Relations.Tests", "tests\CadHarness.Relations.Tests\CadHarness.Relations.Tests.csproj", "{22E26023-BD66-4793-B770-3A406BCC1412}"
EndProject
Project("{FAE04EC0-301F-11D3-BF4B-00C04F79EFBC}") = "CadHarness.Transactions.Tests", "tests\CadHarness.Transactions.Tests\CadHarness.Transactions.Tests.csproj", "{A0B3B7DC-D5A8-4578-9157-5A95772A64BD}"
EndProject
Project("{2150E333-8FDC-42A3-9474-1A3956D46DE8}") = "src", "src", "{ADDBFC1E-10E1-49D7-AA40-36DA1675BDD9}"
EndProject
Project("{FAE04EC0-301F-11D3-BF4B-00C04F79EFBC}") = "CadHarness.Planning", "src\CadHarness.Planning\CadHarness.Planning.csproj", "{4B4E3F0D-EDA9-4DFB-AB7E-D1329486F0A1}"
EndProject
Project("{FAE04EC0-301F-11D3-BF4B-00C04F79EFBC}") = "CadHarness.Planner.Cli", "src\CadHarness.Planner.Cli\CadHarness.Planner.Cli.csproj", "{3BA55AC3-B92B-4223-9E83-95609BCD2C68}"
EndProject
Project("{FAE04EC0-301F-11D3-BF4B-00C04F79EFBC}") = "CadHarness.Planning.Tests", "tests\CadHarness.Planning.Tests\CadHarness.Planning.Tests.csproj", "{6392B4EA-3182-410E-AFB4-79EC06EB21B1}"
EndProject
Project("{FAE04EC0-301F-11D3-BF4B-00C04F79EFBC}") = "CadHarness.Judging.Tests", "tests\CadHarness.Judging.Tests\CadHarness.Judging.Tests.csproj", "{0F518D61-EB62-4A60-A04E-7A0C9739826E}"
EndProject
Project("{FAE04EC0-301F-11D3-BF4B-00C04F79EFBC}") = "CadHarness.ParameterMutations.Tests", "tests\CadHarness.ParameterMutations.Tests\CadHarness.ParameterMutations.Tests.csproj", "{E2C3E3E1-26C1-474E-B027-776B6DBA641C}"
EndProject
Project("{FAE04EC0-301F-11D3-BF4B-00C04F79EFBC}") = "CadHarness.CircularGeometry.Tests", "tests\CadHarness.CircularGeometry.Tests\CadHarness.CircularGeometry.Tests.csproj", "{09C445E4-300E-4976-9CA1-57094C5ED759}"
EndProject
Project("{FAE04EC0-301F-11D3-BF4B-00C04F79EFBC}") = "CadHarness.ConstructionTransactions.Tests", "tests\CadHarness.ConstructionTransactions.Tests\CadHarness.ConstructionTransactions.Tests.csproj", "{9430E691-3717-43DB-B895-80C063EA3399}"
EndProject
Global
	GlobalSection(SolutionConfigurationPlatforms) = preSolution
		Release|Any CPU = Release|Any CPU
	EndGlobalSection
	GlobalSection(ProjectConfigurationPlatforms) = postSolution
		{5F743242-586D-4B66-9F90-8C8A67E49701}.Release|Any CPU.ActiveCfg = Release|Any CPU
		{5F743242-586D-4B66-9F90-8C8A67E49701}.Release|Any CPU.Build.0 = Release|Any CPU
		{5F743242-586D-4B66-9F90-8C8A67E49702}.Release|Any CPU.ActiveCfg = Release|Any CPU
		{5F743242-586D-4B66-9F90-8C8A67E49702}.Release|Any CPU.Build.0 = Release|Any CPU
		{5F743242-586D-4B66-9F90-8C8A67E49703}.Release|Any CPU.ActiveCfg = Release|Any CPU
		{5F743242-586D-4B66-9F90-8C8A67E49703}.Release|Any CPU.Build.0 = Release|Any CPU
		{5F743242-586D-4B66-9F90-8C8A67E49704}.Release|Any CPU.ActiveCfg = Release|Any CPU
		{5F743242-586D-4B66-9F90-8C8A67E49704}.Release|Any CPU.Build.0 = Release|Any CPU
		{5F743242-586D-4B66-9F90-8C8A67E49705}.Release|Any CPU.ActiveCfg = Release|Any CPU
		{5F743242-586D-4B66-9F90-8C8A67E49705}.Release|Any CPU.Build.0 = Release|Any CPU
		{5F743242-586D-4B66-9F90-8C8A67E49706}.Release|Any CPU.ActiveCfg = Release|Any CPU
		{5F743242-586D-4B66-9F90-8C8A67E49706}.Release|Any CPU.Build.0 = Release|Any CPU
		{5F743242-586D-4B66-9F90-8C8A67E49707}.Release|Any CPU.ActiveCfg = Release|Any CPU
		{5F743242-586D-4B66-9F90-8C8A67E49707}.Release|Any CPU.Build.0 = Release|Any CPU
		{C104C31F-96AC-4737-989B-874D0C566C8B}.Release|Any CPU.ActiveCfg = Release|Any CPU
		{C104C31F-96AC-4737-989B-874D0C566C8B}.Release|Any CPU.Build.0 = Release|Any CPU
		{22E26023-BD66-4793-B770-3A406BCC1412}.Release|Any CPU.ActiveCfg = Release|Any CPU
		{22E26023-BD66-4793-B770-3A406BCC1412}.Release|Any CPU.Build.0 = Release|Any CPU
		{A0B3B7DC-D5A8-4578-9157-5A95772A64BD}.Release|Any CPU.ActiveCfg = Release|Any CPU
		{A0B3B7DC-D5A8-4578-9157-5A95772A64BD}.Release|Any CPU.Build.0 = Release|Any CPU
		{4B4E3F0D-EDA9-4DFB-AB7E-D1329486F0A1}.Release|Any CPU.ActiveCfg = Release|Any CPU
		{4B4E3F0D-EDA9-4DFB-AB7E-D1329486F0A1}.Release|Any CPU.Build.0 = Release|Any CPU
		{3BA55AC3-B92B-4223-9E83-95609BCD2C68}.Release|Any CPU.ActiveCfg = Release|Any CPU
		{3BA55AC3-B92B-4223-9E83-95609BCD2C68}.Release|Any CPU.Build.0 = Release|Any CPU
		{6392B4EA-3182-410E-AFB4-79EC06EB21B1}.Release|Any CPU.ActiveCfg = Release|Any CPU
		{6392B4EA-3182-410E-AFB4-79EC06EB21B1}.Release|Any CPU.Build.0 = Release|Any CPU
		{0F518D61-EB62-4A60-A04E-7A0C9739826E}.Release|Any CPU.ActiveCfg = Release|Any CPU
		{0F518D61-EB62-4A60-A04E-7A0C9739826E}.Release|Any CPU.Build.0 = Release|Any CPU
		{E2C3E3E1-26C1-474E-B027-776B6DBA641C}.Release|Any CPU.ActiveCfg = Release|Any CPU
		{E2C3E3E1-26C1-474E-B027-776B6DBA641C}.Release|Any CPU.Build.0 = Release|Any CPU
		{09C445E4-300E-4976-9CA1-57094C5ED759}.Release|Any CPU.ActiveCfg = Release|Any CPU
		{09C445E4-300E-4976-9CA1-57094C5ED759}.Release|Any CPU.Build.0 = Release|Any CPU
		{9430E691-3717-43DB-B895-80C063EA3399}.Release|Any CPU.ActiveCfg = Release|Any CPU
		{9430E691-3717-43DB-B895-80C063EA3399}.Release|Any CPU.Build.0 = Release|Any CPU
	EndGlobalSection
	GlobalSection(NestedProjects) = preSolution
		{C104C31F-96AC-4737-989B-874D0C566C8B} = {45DB5A0D-6551-4BBB-8D33-577931F4C629}
		{22E26023-BD66-4793-B770-3A406BCC1412} = {45DB5A0D-6551-4BBB-8D33-577931F4C629}
		{A0B3B7DC-D5A8-4578-9157-5A95772A64BD} = {45DB5A0D-6551-4BBB-8D33-577931F4C629}
		{4B4E3F0D-EDA9-4DFB-AB7E-D1329486F0A1} = {ADDBFC1E-10E1-49D7-AA40-36DA1675BDD9}
		{3BA55AC3-B92B-4223-9E83-95609BCD2C68} = {ADDBFC1E-10E1-49D7-AA40-36DA1675BDD9}
		{6392B4EA-3182-410E-AFB4-79EC06EB21B1} = {45DB5A0D-6551-4BBB-8D33-577931F4C629}
		{0F518D61-EB62-4A60-A04E-7A0C9739826E} = {45DB5A0D-6551-4BBB-8D33-577931F4C629}
		{E2C3E3E1-26C1-474E-B027-776B6DBA641C} = {45DB5A0D-6551-4BBB-8D33-577931F4C629}
		{09C445E4-300E-4976-9CA1-57094C5ED759} = {45DB5A0D-6551-4BBB-8D33-577931F4C629}
		{9430E691-3717-43DB-B895-80C063EA3399} = {45DB5A0D-6551-4BBB-8D33-577931F4C629}
	EndGlobalSection
EndGlobal
